
Microsoft Visual Studio Solution File, Format Version 12.00
# Visual Studio Version 17
VisualStudioVersion = 17.5.33424.131
MinimumVisualStudioVersion = 10.0.40219.1
Project("{FAE04EC0-301F-11D3-BF4B-00C04F79EFBC}") = "numbersFrom30To50", "numbersFrom30To50\numbersFrom30To50.csproj", "{91237AED-A97A-47C7-A79C-14FB9686522D}"
EndProject
Global
	GlobalSection(SolutionConfigurationPlatforms) = preSolution
		Debug|Any CPU = Debug|Any CPU
		Release|Any CPU = Release|Any CPU
	EndGlobalSection
	GlobalSection(ProjectConfigurationPlatforms) = postSolution
		{91237AED-A97A-47C7-A79C-14FB9686522D}.Debug|Any CPU.ActiveCfg = Debug|Any CPU
		{91237AED-A97A-47C7-A79C-14FB9686522D}.Debug|Any CPU.Build.0 = Debug|Any CPU
		{91237AED-A97A-47C7-A79C-14FB9686522D}.Release|Any CPU.ActiveCfg = Release|Any CPU
		{91237AED-A97A-47C7-A79C-14FB9686522D}.Release|Any CPU.Build.0 = Release|Any CPU
	EndGlobalSection
	GlobalSection(SolutionProperties) = preSolution
		HideSolutionNode = FALSE
	EndGlobalSection
	GlobalSection(ExtensibilityGlobals) = postSolution
		SolutionGuid = {E5B4BE8D-14F8-487F-A177-C0E8BB8482C6}
	EndGlobalSection
EndGlobal
